
Microsoft Visual Studio Solution File, Format Version 12.00
#
Project("{2150E333-8FDC-42A3-9474-1A3956D46DE8}") = "Solution Items", "Solution Items", "{6891E2B4-E276-4BB6-8C55-471A6C9B3405}"
	ProjectSection(SolutionItems) = preProject
		.dockerignore = .dockerignore
		.editorconfig = .editorconfig
		.gitattributes = .gitattributes
		.gitignore = .gitignore
		bitbucket-pipelines.yml = bitbucket-pipelines.yml
		Directory.Build.props = Directory.Build.props
		extense.png = extense.png
		NuGet.Config = NuGet.Config
		README.md = README.md
	EndProjectSection
EndProject
Project("{2150E333-8FDC-42A3-9474-1A3956D46DE8}") = "docs", "docs", "{828F54C7-C482-4972-9653-6B1CF11AFBC7}"
EndProject
Project("{2150E333-8FDC-42A3-9474-1A3956D46DE8}") = "docker", "docker", "{57B0A9B9-8044-4DF5-898D-56089FAEB769}"
EndProject
Project("{FAE04EC0-301F-11D3-BF4B-00C04F79EFBC}") = "docker-compose", "docker\docker-compose.dcproj", "{AC5105FA-BBF8-4545-B688-8D53A76F8A00}"
EndProject
Project("{2150E333-8FDC-42A3-9474-1A3956D46DE8}") = "src", "src", "{60EE776A-BFBE-478D-BAB2-94E6E8E284FF}"
	ProjectSection(SolutionItems) = preProject
		src\Directory.Build.props = src\Directory.Build.props
	EndProjectSection
EndProject
Project("{2150E333-8FDC-42A3-9474-1A3956D46DE8}") = "tests", "tests", "{AD1DFF7D-D307-4722-8C13-883A686F8F17}"
	ProjectSection(SolutionItems) = preProject
		tests\Dockerfile = tests\Dockerfile
	EndProjectSection
EndProject
Project("{2150E333-8FDC-42A3-9474-1A3956D46DE8}") = "unit", "unit", "{C42868F9-799A-48E1-86C8-23DC72E39B84}"
EndProject
Project("{2150E333-8FDC-42A3-9474-1A3956D46DE8}") = "integration", "integration", "{D32170CB-A6F1-4233-95AD-F9B7AAF40192}"
EndProject
Project("{2150E333-8FDC-42A3-9474-1A3956D46DE8}") = "benchmark", "benchmark", "{2A0B8F10-77DF-48E0-8A53-993780D2883A}"
EndProject
Project("{FAE04EC0-301F-11D3-BF4B-00C04F79EFBC}") = "Extense.Portal.Web", "src\Extense.Portal.Web\Extense.Portal.Web.csproj", "{13F91EBA-6A64-4D79-8B45-9F8B4E8BDC29}"
EndProject
Global
	GlobalSection(SolutionConfigurationPlatforms) = preSolution
		Debug|Any CPU = Debug|Any CPU
		Release|Any CPU = Release|Any CPU
	EndGlobalSection
	GlobalSection(NestedProjects) = preSolution
		{AC5105FA-BBF8-4545-B688-8D53A76F8A00} = {57B0A9B9-8044-4DF5-898D-56089FAEB769}
		{C42868F9-799A-48E1-86C8-23DC72E39B84} = {AD1DFF7D-D307-4722-8C13-883A686F8F17}
		{D32170CB-A6F1-4233-95AD-F9B7AAF40192} = {AD1DFF7D-D307-4722-8C13-883A686F8F17}
		{2A0B8F10-77DF-48E0-8A53-993780D2883A} = {AD1DFF7D-D307-4722-8C13-883A686F8F17}
		{13F91EBA-6A64-4D79-8B45-9F8B4E8BDC29} = {60EE776A-BFBE-478D-BAB2-94E6E8E284FF}
	EndGlobalSection
	GlobalSection(ProjectConfigurationPlatforms) = postSolution
		{AC5105FA-BBF8-4545-B688-8D53A76F8A00}.Debug|Any CPU.ActiveCfg = Debug|Any CPU
		{AC5105FA-BBF8-4545-B688-8D53A76F8A00}.Debug|Any CPU.Build.0 = Debug|Any CPU
		{AC5105FA-BBF8-4545-B688-8D53A76F8A00}.Release|Any CPU.ActiveCfg = Debug|Any CPU
		{AC5105FA-BBF8-4545-B688-8D53A76F8A00}.Release|Any CPU.Build.0 = Debug|Any CPU
		{13F91EBA-6A64-4D79-8B45-9F8B4E8BDC29}.Debug|Any CPU.ActiveCfg = Debug|Any CPU
		{13F91EBA-6A64-4D79-8B45-9F8B4E8BDC29}.Debug|Any CPU.Build.0 = Debug|Any CPU
		{13F91EBA-6A64-4D79-8B45-9F8B4E8BDC29}.Release|Any CPU.ActiveCfg = Release|Any CPU
		{13F91EBA-6A64-4D79-8B45-9F8B4E8BDC29}.Release|Any CPU.Build.0 = Release|Any CPU
	EndGlobalSection
EndGlobal
